# THIS IS AN AUTOGENERATED FILE. DO NOT EDIT THIS FILE DIRECTLY.
# yarn lockfile v1


"@babel/runtime@^7.1.2", "@babel/runtime@^7.12.5", "@babel/runtime@^7.2.0", "@babel/runtime@^7.5.5", "@babel/runtime@^7.8.7":
  "integrity" "sha512-99catp6bHCaxr4sJ/DbTGgHS4+Rs2RVd2g7iOap6SLGPDknRK9ztKNsE/Fg6QhSeh1FGE5f6gHGQmvvn3I3xhw=="
  "resolved" "https://registry.npmjs.org/@babel/runtime/-/runtime-7.15.4.tgz"
  "version" "7.15.4"
  dependencies:
    "regenerator-runtime" "^0.13.4"

"@hypnosphi/create-react-context@^0.3.1":
  "integrity" "sha512-V1klUed202XahrWJLLOT3EXNeCpFHCcJntdFGI15ntCwau+jfT386w7OFTMaCqOgXUH1fa0w/I1oZs+i/Rfr0A=="
  "resolved" "https://registry.npmjs.org/@hypnosphi/create-react-context/-/create-react-context-0.3.1.tgz"
  "version" "0.3.1"
  dependencies:
    "gud" "^1.0.0"
    "warning" "^4.0.3"

"@popperjs/core@^2.10.1":
  "integrity" "sha512-HnUhk1Sy9IuKrxEMdIRCxpIqPw6BFsbYSEUO9p/hNw5sMld/+3OLMWQP80F8/db9qsv3qUjs7ZR5bS/R+iinXw=="
  "resolved" "https://registry.npmjs.org/@popperjs/core/-/core-2.10.1.tgz"
  "version" "2.10.1"

"asap@~2.0.3":
  "integrity" "sha1-5QNHYR1+aQlDIIu9r+vLwvuGbUY="
  "resolved" "https://registry.npmjs.org/asap/-/asap-2.0.6.tgz"
  "version" "2.0.6"

"babel-runtime@^6.23.0":
  "integrity" "sha1-llxwWGaOgrVde/4E/yM3vItWR/4="
  "resolved" "https://registry.npmjs.org/babel-runtime/-/babel-runtime-6.26.0.tgz"
  "version" "6.26.0"
  dependencies:
    "core-js" "^2.4.0"
    "regenerator-runtime" "^0.11.0"

"bootstrap@^5.1.1":
  "integrity" "sha512-/jUa4sSuDZWlDLQ1gwQQR8uoYSvLJzDd8m5o6bPKh3asLAMYVZKdRCjb1joUd5WXf0WwCNzd2EjwQQhupou0dA=="
  "resolved" "https://registry.npmjs.org/bootstrap/-/bootstrap-5.1.1.tgz"
  "version" "5.1.1"

"bowser@^1.7.3":
  "integrity" "sha512-9IdMmj2KjigRq6oWhmwv1W36pDuA4STQZ8q6YO9um+x07xgYNCD3Oou+WP/3L1HNz7iqythGet3/p4wvc8AAwQ=="
  "resolved" "https://registry.npmjs.org/bowser/-/bowser-1.9.4.tgz"
  "version" "1.9.4"

"call-bind@^1.0.2":
  "integrity" "sha512-7O+FbCihrB5WGbFYesctwmTKae6rOiIzmz1icreWJ+0aA7LJfuqhEso2T9ncpcFtzMQtzXf2QGGueWJGTYsqrA=="
  "resolved" "https://registry.npmjs.org/call-bind/-/call-bind-1.0.2.tgz"
  "version" "1.0.2"
  dependencies:
    "function-bind" "^1.1.1"
    "get-intrinsic" "^1.0.2"

"chain-function@^1.0.0":
  "integrity" "sha512-SxltgMwL9uCko5/ZCLiyG2B7R9fY4pDZUw7hJ4MhirdjBLosoDqkWABi3XMucddHdLiFJMb7PD2MZifZriuMTg=="
  "resolved" "https://registry.npmjs.org/chain-function/-/chain-function-1.0.1.tgz"
  "version" "1.0.1"

"change-emitter@^0.1.2":
  "integrity" "sha1-6LL+PX8at9aaMhma/5HqaTFAlRU="
  "resolved" "https://registry.npmjs.org/change-emitter/-/change-emitter-0.1.6.tgz"
  "version" "0.1.6"

"classnames@^2.2.3":
  "integrity" "sha512-OlQdbZ7gLfGarSqxesMesDa5uz7KFbID8Kpq/SxIoNGDqY8lSYs0D+hhtBXhcdB3rcbXArFr7vlHheLk1voeNA=="
  "resolved" "https://registry.npmjs.org/classnames/-/classnames-2.3.1.tgz"
  "version" "2.3.1"

"core-js@^1.0.0":
  "integrity" "sha1-ZSKUwUZR2yj6k70tX/KYOk8IxjY="
  "resolved" "https://registry.npmjs.org/core-js/-/core-js-1.2.7.tgz"
  "version" "1.2.7"

"core-js@^2.4.0":
  "integrity" "sha512-Kb2wC0fvsWfQrgk8HU5lW6U/Lcs8+9aaYcy4ZFc6DDlo4nZ7n70dEgE5rtR0oG6ufKDUnrwfWL1mXR5ljDatrQ=="
  "resolved" "https://registry.npmjs.org/core-js/-/core-js-2.6.12.tgz"
  "version" "2.6.12"

"css-in-js-utils@^2.0.0":
  "integrity" "sha512-PJF0SpJT+WdbVVt0AOYp9C8GnuruRlL/UFW7932nLWmFLQTaWEzTBQEx7/hn4BuV+WON75iAViSUJLiU3PKbpA=="
  "resolved" "https://registry.npmjs.org/css-in-js-utils/-/css-in-js-utils-2.0.1.tgz"
  "version" "2.0.1"
  dependencies:
    "hyphenate-style-name" "^1.0.2"
    "isobject" "^3.0.1"

"csstype@^3.0.2":
  "integrity" "sha512-rpw6JPxK6Rfg1zLOYCSwle2GFOOsnjmDYDaBwEcwoOg4qlsIVCN789VkBZDJAGi4T07gI4YSutR43t9Zz4Lzuw=="
  "resolved" "https://registry.npmjs.org/csstype/-/csstype-3.0.9.tgz"
  "version" "3.0.9"

"deep-equal@^1.1.1":
  "integrity" "sha512-yd9c5AdiqVcR+JjcwUQb9DkhJc8ngNr0MahEBGvDiJw8puWab2yZlh+nkasOnZP+EGTAP6rRp2JzJhJZzvNF8g=="
  "resolved" "https://registry.npmjs.org/deep-equal/-/deep-equal-1.1.1.tgz"
  "version" "1.1.1"
  dependencies:
    "is-arguments" "^1.0.4"
    "is-date-object" "^1.0.1"
    "is-regex" "^1.0.4"
    "object-is" "^1.0.1"
    "object-keys" "^1.1.1"
    "regexp.prototype.flags" "^1.2.0"

"define-properties@^1.1.3":
  "integrity" "sha512-3MqfYKj2lLzdMSf8ZIZE/V+Zuy+BgD6f164e8K2w7dgnpKArBDerGYpM46IYYcjnkdPNMjPk9A6VFB8+3SKlXQ=="
  "resolved" "https://registry.npmjs.org/define-properties/-/define-properties-1.1.3.tgz"
  "version" "1.1.3"
  dependencies:
    "object-keys" "^1.0.12"

"dom-helpers@^3.2.0":
  "integrity" "sha512-LnuPJ+dwqKDIyotW1VzmOZ5TONUN7CwkCR5hrgawTUbkBGYdeoNLZo6nNfGkCrjtE1nXXaj7iMMpDa8/d9WoIA=="
  "resolved" "https://registry.npmjs.org/dom-helpers/-/dom-helpers-3.4.0.tgz"
  "version" "3.4.0"
  dependencies:
    "@babel/runtime" "^7.1.2"

"dom-helpers@^3.4.0":
  "integrity" "sha512-LnuPJ+dwqKDIyotW1VzmOZ5TONUN7CwkCR5hrgawTUbkBGYdeoNLZo6nNfGkCrjtE1nXXaj7iMMpDa8/d9WoIA=="
  "resolved" "https://registry.npmjs.org/dom-helpers/-/dom-helpers-3.4.0.tgz"
  "version" "3.4.0"
  dependencies:
    "@babel/runtime" "^7.1.2"

"dom-helpers@^5.0.1":
  "integrity" "sha512-nRCa7CK3VTrM2NmGkIy4cbK7IZlgBE/PYMn55rrXefr5xXDP0LdtfPnblFDoVdcAfslJ7or6iqAUnx0CCGIWQA=="
  "resolved" "https://registry.npmjs.org/dom-helpers/-/dom-helpers-5.2.1.tgz"
  "version" "5.2.1"
  dependencies:
    "@babel/runtime" "^7.8.7"
    "csstype" "^3.0.2"

"encoding@^0.1.11":
  "integrity" "sha512-ETBauow1T35Y/WZMkio9jiM0Z5xjHHmJ4XmjZOq1l/dXz3lr2sRn87nJy20RupqSh1F2m3HHPSp8ShIPQJrJ3A=="
  "resolved" "https://registry.npmjs.org/encoding/-/encoding-0.1.13.tgz"
  "version" "0.1.13"
  dependencies:
    "iconv-lite" "^0.6.2"

"fbjs@^0.8.1":
  "integrity" "sha1-xNWY6taUkRJlPWWIsBpc3Nn5D90="
  "resolved" "https://registry.npmjs.org/fbjs/-/fbjs-0.8.17.tgz"
  "version" "0.8.17"
  dependencies:
    "core-js" "^1.0.0"
    "isomorphic-fetch" "^2.1.1"
    "loose-envify" "^1.0.0"
    "object-assign" "^4.1.0"
    "promise" "^7.1.1"
    "setimmediate" "^1.0.5"
    "ua-parser-js" "^0.7.18"

"function-bind@^1.1.1":
  "integrity" "sha512-yIovAzMX49sF8Yl58fSCWJ5svSLuaibPxXQJFLmBObTuCr0Mf1KiPopGM9NiFjiYBCbfaa2Fh6breQ6ANVTI0A=="
  "resolved" "https://registry.npmjs.org/function-bind/-/function-bind-1.1.1.tgz"
  "version" "1.1.1"

"get-intrinsic@^1.0.2":
  "integrity" "sha512-kWZrnVM42QCiEA2Ig1bG8zjoIMOgxWwYCEeNdwY6Tv/cOSeGpcoX4pXHfKUxNKVoArnrEr2e9srnAxxGIraS9Q=="
  "resolved" "https://registry.npmjs.org/get-intrinsic/-/get-intrinsic-1.1.1.tgz"
  "version" "1.1.1"
  dependencies:
    "function-bind" "^1.1.1"
    "has" "^1.0.3"
    "has-symbols" "^1.0.1"

"gud@^1.0.0":
  "integrity" "sha512-zGEOVKFM5sVPPrYs7J5/hYEw2Pof8KCyOwyhG8sAF26mCAeUFAcYPu1mwB7hhpIP29zOIBaDqwuHdLp0jvZXjw=="
  "resolved" "https://registry.npmjs.org/gud/-/gud-1.0.0.tgz"
  "version" "1.0.0"

"has-symbols@^1.0.1", "has-symbols@^1.0.2":
  "integrity" "sha512-chXa79rL/UC2KlX17jo3vRGz0azaWEx5tGqZg5pO3NUyEJVB17dMruQlzCCOfUvElghKcm5194+BCRvi2Rv/Gw=="
  "resolved" "https://registry.npmjs.org/has-symbols/-/has-symbols-1.0.2.tgz"
  "version" "1.0.2"

"has-tostringtag@^1.0.0":
  "integrity" "sha512-kFjcSNhnlGV1kyoGk7OXKSawH5JOb/LzUc5w9B02hOTO0dfFRjbHQKvg1d6cf3HbeUmtU9VbbV3qzZ2Teh97WQ=="
  "resolved" "https://registry.npmjs.org/has-tostringtag/-/has-tostringtag-1.0.0.tgz"
  "version" "1.0.0"
  dependencies:
    "has-symbols" "^1.0.2"

"has@^1.0.3":
  "integrity" "sha512-f2dvO0VU6Oej7RkWJGrehjbzMAjFp5/VKPp5tTpWIV4JHHZK1/BxbFRtf/siA2SWTe09caDmVtYYzWEIbBS4zw=="
  "resolved" "https://registry.npmjs.org/has/-/has-1.0.3.tgz"
  "version" "1.0.3"
  dependencies:
    "function-bind" "^1.1.1"

"hoist-non-react-statics@^2.3.1":
  "integrity" "sha512-rqcy4pJo55FTTLWt+bU8ukscqHeE/e9KWvsOW2b/a3afxQZhwkQdT1rPPCJ0rYXdj4vNcasY8zHTH+jF/qStxw=="
  "resolved" "https://registry.npmjs.org/hoist-non-react-statics/-/hoist-non-react-statics-2.5.5.tgz"
  "version" "2.5.5"

"hyphenate-style-name@^1.0.2":
  "integrity" "sha512-ygGZLjmXfPHj+ZWh6LwbC37l43MhfztxetbFCoYTM2VjkIUpeHgSNn7QIyVFj7YQ1Wl9Cbw5sholVJPzWvC2MQ=="
  "resolved" "https://registry.npmjs.org/hyphenate-style-name/-/hyphenate-style-name-1.0.4.tgz"
  "version" "1.0.4"

"iconv-lite@^0.6.2":
  "integrity" "sha512-4fCk79wshMdzMp2rH06qWrJE4iolqLhCUH+OiuIgU++RB0+94NlDL81atO7GX55uUKueo0txHNtvEyI6D7WdMw=="
  "resolved" "https://registry.npmjs.org/iconv-lite/-/iconv-lite-0.6.3.tgz"
  "version" "0.6.3"
  dependencies:
    "safer-buffer" ">= 2.1.2 < 3.0.0"

"inline-style-prefixer@^3.0.8":
  "integrity" "sha1-hVG45bTVcyROZqNLBPfTIHaitTQ="
  "resolved" "https://registry.npmjs.org/inline-style-prefixer/-/inline-style-prefixer-3.0.8.tgz"
  "version" "3.0.8"
  dependencies:
    "bowser" "^1.7.3"
    "css-in-js-utils" "^2.0.0"

"is-arguments@^1.0.4":
  "integrity" "sha512-8Q7EARjzEnKpt/PCD7e1cgUS0a6X8u5tdSiMqXhojOdoV9TsMsiO+9VLC5vAmO8N7/GmXn7yjR8qnA6bVAEzfA=="
  "resolved" "https://registry.npmjs.org/is-arguments/-/is-arguments-1.1.1.tgz"
  "version" "1.1.1"
  dependencies:
    "call-bind" "^1.0.2"
    "has-tostringtag" "^1.0.0"

"is-date-object@^1.0.1":
  "integrity" "sha512-9YQaSxsAiSwcvS33MBk3wTCVnWK+HhF8VZR2jRxehM16QcVOdHqPn4VPHmRK4lSr38n9JriurInLcP90xsYNfQ=="
  "resolved" "https://registry.npmjs.org/is-date-object/-/is-date-object-1.0.5.tgz"
  "version" "1.0.5"
  dependencies:
    "has-tostringtag" "^1.0.0"

"is-regex@^1.0.4":
  "integrity" "sha512-kvRdxDsxZjhzUX07ZnLydzS1TU/TJlTUHHY4YLL87e37oUA49DfkLqgy+VjFocowy29cKvcSiu+kIv728jTTVg=="
  "resolved" "https://registry.npmjs.org/is-regex/-/is-regex-1.1.4.tgz"
  "version" "1.1.4"
  dependencies:
    "call-bind" "^1.0.2"
    "has-tostringtag" "^1.0.0"

"is-stream@^1.0.1":
  "integrity" "sha1-EtSj3U5o4Lec6428hBc66A2RykQ="
  "resolved" "https://registry.npmjs.org/is-stream/-/is-stream-1.1.0.tgz"
  "version" "1.1.0"

"isobject@^3.0.1":
  "integrity" "sha1-TkMekrEalzFjaqH5yNHMvP2reN8="
  "resolved" "https://registry.npmjs.org/isobject/-/isobject-3.0.1.tgz"
  "version" "3.0.1"

"isomorphic-fetch@^2.1.1":
  "integrity" "sha1-YRrhrPFPXoH3KVB0coGf6XM1WKk="
  "resolved" "https://registry.npmjs.org/isomorphic-fetch/-/isomorphic-fetch-2.2.1.tgz"
  "version" "2.2.1"
  dependencies:
    "node-fetch" "^1.0.1"
    "whatwg-fetch" ">=0.10.0"

"js-tokens@^3.0.0 || ^4.0.0":
  "integrity" "sha512-RdJUflcE3cUzKiMqQgsCu06FPu9UdIJO0beYbPhHN4k6apgJtifcoCtT9bcxOpYBtpD2kCM6Sbzg4CausW/PKQ=="
  "resolved" "https://registry.npmjs.org/js-tokens/-/js-tokens-4.0.0.tgz"
  "version" "4.0.0"

"keycode@^2.1.8":
  "integrity" "sha1-PQr1bce4uOXLqNCpfxByBO7CKwQ="
  "resolved" "https://registry.npmjs.org/keycode/-/keycode-2.2.0.tgz"
  "version" "2.2.0"

"lodash.merge@^4.6.0":
  "integrity" "sha512-0KpjqXRVvrYyCsX1swR/XTK0va6VQkQM6MNo7PqW77ByjAhoARA8EfrP1N4+KlKj8YS0ZUCtRT/YUuhyYDujIQ=="
  "resolved" "https://registry.npmjs.org/lodash.merge/-/lodash.merge-4.6.2.tgz"
  "version" "4.6.2"

"lodash.throttle@^4.1.1":
  "integrity" "sha1-wj6RtxAkKscMN/HhzaknTMOb8vQ="
  "resolved" "https://registry.npmjs.org/lodash.throttle/-/lodash.throttle-4.1.1.tgz"
  "version" "4.1.1"

"loose-envify@^1.0.0", "loose-envify@^1.1.0", "loose-envify@^1.3.1", "loose-envify@^1.4.0":
  "integrity" "sha512-lyuxPGr/Wfhrlem2CL/UcnUc1zcqKAImBDzukY7Y5F/yQiNdko6+fRLevlw1HgMySw7f611UIY408EtxRSoK3Q=="
  "resolved" "https://registry.npmjs.org/loose-envify/-/loose-envify-1.4.0.tgz"
  "version" "1.4.0"
  dependencies:
    "js-tokens" "^3.0.0 || ^4.0.0"

"material-ui@^0.20.2":
  "integrity" "sha512-VeqgQkdvtK193w+FFvXDEwlVxI4rWk83eWbpYLeOIHDPWr3rbB9B075JRnJt/8IsI2X8q5Aia5W3+7m4KkleDg=="
  "resolved" "https://registry.npmjs.org/material-ui/-/material-ui-0.20.2.tgz"
  "version" "0.20.2"
  dependencies:
    "babel-runtime" "^6.23.0"
    "inline-style-prefixer" "^3.0.8"
    "keycode" "^2.1.8"
    "lodash.merge" "^4.6.0"
    "lodash.throttle" "^4.1.1"
    "prop-types" "^15.5.7"
    "react-event-listener" "^0.6.2"
    "react-transition-group" "^1.2.1"
    "recompose" "^0.26.0"
    "simple-assign" "^0.1.0"
    "warning" "^3.0.0"

"node-fetch@^1.0.1":
  "integrity" "sha512-NhZ4CsKx7cYm2vSrBAr2PvFOe6sWDf0UYLRqA6svUYg7+/TSfVAu49jYC4BvQ4Sms9SZgdqGBgroqfDhJdTyKQ=="
  "resolved" "https://registry.npmjs.org/node-fetch/-/node-fetch-1.7.3.tgz"
  "version" "1.7.3"
  dependencies:
    "encoding" "^0.1.11"
    "is-stream" "^1.0.1"

"object-assign@^4.1.0", "object-assign@^4.1.1":
  "integrity" "sha1-IQmtx5ZYh8/AXLvUQsrIv7s2CGM="
  "resolved" "https://registry.npmjs.org/object-assign/-/object-assign-4.1.1.tgz"
  "version" "4.1.1"

"object-is@^1.0.1":
  "integrity" "sha512-3cyDsyHgtmi7I7DfSSI2LDp6SK2lwvtbg0p0R1e0RvTqF5ceGx+K2dfSjm1bKDMVCFEDAQvy+o8c6a7VujOddw=="
  "resolved" "https://registry.npmjs.org/object-is/-/object-is-1.1.5.tgz"
  "version" "1.1.5"
  dependencies:
    "call-bind" "^1.0.2"
    "define-properties" "^1.1.3"

"object-keys@^1.0.12", "object-keys@^1.1.1":
  "integrity" "sha512-NuAESUOUMrlIXOfHKzD6bpPu3tYt3xvjNdRIQ+FeT0lNb4K8WR70CaDxhuNguS2XG+GjkyMwOzsN5ZktImfhLA=="
  "resolved" "https://registry.npmjs.org/object-keys/-/object-keys-1.1.1.tgz"
  "version" "1.1.1"

"popper.js@^1.14.4":
  "integrity" "sha512-Wb4p1J4zyFTbM+u6WuO4XstYx4Ky9Cewe4DWrel7B0w6VVICvPwdOpotjzcf6eD8TsckVnIMNONQyPIUFOUbCQ=="
  "resolved" "https://registry.npmjs.org/popper.js/-/popper.js-1.16.1.tgz"
  "version" "1.16.1"

"promise@^7.1.1":
  "integrity" "sha512-nolQXZ/4L+bP/UGlkfaIujX9BKxGwmQ9OT4mOt5yvy8iK1h3wqTEJCijzGANTCCl9nWjY41juyAn2K3Q1hLLTg=="
  "resolved" "https://registry.npmjs.org/promise/-/promise-7.3.1.tgz"
  "version" "7.3.1"
  dependencies:
    "asap" "~2.0.3"

"prop-types@^15.0.0", "prop-types@^15.5.6", "prop-types@^15.5.7", "prop-types@^15.5.8", "prop-types@^15.6.0", "prop-types@^15.6.1", "prop-types@^15.6.2":
  "integrity" "sha512-8QQikdH7//R2vurIJSutZ1smHYTcLpRWEOlHnzcWHmBYrOGUysKwSsrC89BCiFj3CbrfJ/nXFdJepOVrY1GCHQ=="
  "resolved" "https://registry.npmjs.org/prop-types/-/prop-types-15.7.2.tgz"
  "version" "15.7.2"
  dependencies:
    "loose-envify" "^1.4.0"
    "object-assign" "^4.1.1"
    "react-is" "^16.8.1"

"react-dom@^15.0.0 || ^16.0.0", "react-dom@^15.4.0 || ^16.0.0", "react-dom@^16.14.0", "react-dom@>=15.0.0", "react-dom@>=16.3.0", "react-dom@>=16.6.0":
  "integrity" "sha512-1gCeQXDLoIqMgqD3IO2Ah9bnf0w9kzhwN5q4FGnHZ67hBm9yePzB5JJAIQCc8x3pFnNlwFq4RidZggNAAkzWWw=="
  "resolved" "https://registry.npmjs.org/react-dom/-/react-dom-16.14.0.tgz"
  "version" "16.14.0"
  dependencies:
    "loose-envify" "^1.1.0"
    "object-assign" "^4.1.1"
    "prop-types" "^15.6.2"
    "scheduler" "^0.19.1"

"react-event-listener@^0.6.2":
  "integrity" "sha512-+hCNqfy7o9wvO6UgjqFmBzARJS7qrNoda0VqzvOuioEpoEXKutiKuv92dSz6kP7rYLmyHPyYNLesi5t/aH1gfw=="
  "resolved" "https://registry.npmjs.org/react-event-listener/-/react-event-listener-0.6.6.tgz"
  "version" "0.6.6"
  dependencies:
    "@babel/runtime" "^7.2.0"
    "prop-types" "^15.6.0"
    "warning" "^4.0.1"

"react-is@^16.8.1":
  "integrity" "sha512-24e6ynE2H+OKt4kqsOvNd8kBpV65zoxbA4BVsEOB3ARVWQki/DHzaUoC5KuON/BiccDaCCTZBuOcfZs70kR8bQ=="
  "resolved" "https://registry.npmjs.org/react-is/-/react-is-16.13.1.tgz"
  "version" "16.13.1"

"react-lifecycles-compat@^3.0.4":
  "integrity" "sha512-fBASbA6LnOU9dOU2eW7aQ8xmYBSXUIWr+UmF9b1efZBazGNO+rcXT/icdKnYm2pTwcRylVUYwW7H1PHfLekVzA=="
  "resolved" "https://registry.npmjs.org/react-lifecycles-compat/-/react-lifecycles-compat-3.0.4.tgz"
  "version" "3.0.4"

"react-popper@^1.3.6":
  "integrity" "sha512-VSA/bS+pSndSF2fiasHK/PTEEAyOpX60+H5EPAjoArr8JGm+oihu4UbrqcEBpQibJxBVCpYyjAX7abJ+7DoYVg=="
  "resolved" "https://registry.npmjs.org/react-popper/-/react-popper-1.3.11.tgz"
  "version" "1.3.11"
  dependencies:
    "@babel/runtime" "^7.1.2"
    "@hypnosphi/create-react-context" "^0.3.1"
    "deep-equal" "^1.1.1"
    "popper.js" "^1.14.4"
    "prop-types" "^15.6.1"
    "typed-styles" "^0.0.7"
    "warning" "^4.0.2"

"react-transition-group@^1.2.1":
  "integrity" "sha512-CWaL3laCmgAFdxdKbhhps+c0HRGF4c+hdM4H23+FI1QBNUyx/AMeIJGWorehPNSaKnQNOAxL7PQmqMu78CDj3Q=="
  "resolved" "https://registry.npmjs.org/react-transition-group/-/react-transition-group-1.2.1.tgz"
  "version" "1.2.1"
  dependencies:
    "chain-function" "^1.0.0"
    "dom-helpers" "^3.2.0"
    "loose-envify" "^1.3.1"
    "prop-types" "^15.5.6"
    "warning" "^3.0.0"

"react-transition-group@^2.3.1":
  "integrity" "sha512-+HzNTCHpeQyl4MJ/bdE0u6XRMe9+XG/+aL4mCxVN4DnPBQ0/5bfHWPDuOZUzYdMj94daZaZdCCc1Dzt9R/xSSg=="
  "resolved" "https://registry.npmjs.org/react-transition-group/-/react-transition-group-2.9.0.tgz"
  "version" "2.9.0"
  dependencies:
    "dom-helpers" "^3.4.0"
    "loose-envify" "^1.4.0"
    "prop-types" "^15.6.2"
    "react-lifecycles-compat" "^3.0.4"

"react-transition-group@4.4.1":
  "integrity" "sha512-Djqr7OQ2aPUiYurhPalTrVy9ddmFCCzwhqQmtN+J3+3DzLO209Fdr70QrN8Z3DsglWql6iY1lDWAfpFiBtuKGw=="
  "resolved" "https://registry.npmjs.org/react-transition-group/-/react-transition-group-4.4.1.tgz"
  "version" "4.4.1"
  dependencies:
    "@babel/runtime" "^7.5.5"
    "dom-helpers" "^5.0.1"
    "loose-envify" "^1.4.0"
    "prop-types" "^15.6.2"

"react@^0.14.0 || ^15.0.0 || ^16.0.0", "react@^15.0.0 || ^16.0.0", "react@^15.4.0 || ^16.0.0", "react@^16.14.0", "react@^16.3.0", "react@>=0.14.0", "react@>=15.0.0", "react@>=16.3.0", "react@>=16.6.0", "react@0.14.x || ^15.0.0 || ^16.0.0 || ^17.0.0":
  "integrity" "sha512-0X2CImDkJGApiAlcf0ODKIneSwBPhqJawOa5wCtKbu7ZECrmS26NvtSILynQ66cgkT/RJ4LidJOc3bUESwmU8g=="
  "resolved" "https://registry.npmjs.org/react/-/react-16.14.0.tgz"
  "version" "16.14.0"
  dependencies:
    "loose-envify" "^1.1.0"
    "object-assign" "^4.1.1"
    "prop-types" "^15.6.2"

"reactstrap@^8.10.0":
  "integrity" "sha512-MsFUB/fRZj6Orf8Mxc93iYuAs+9ngnFmy2cfYlzkmc4vi5oM4u6ziY/DsO71lDG3cotxHRyS3Flr51cuYv+IEQ=="
  "resolved" "https://registry.npmjs.org/reactstrap/-/reactstrap-8.10.0.tgz"
  "version" "8.10.0"
  dependencies:
    "@babel/runtime" "^7.12.5"
    "classnames" "^2.2.3"
    "prop-types" "^15.5.8"
    "react-popper" "^1.3.6"
    "react-transition-group" "^2.3.1"

"recompose@^0.26.0":
  "integrity" "sha512-KwOu6ztO0mN5vy3+zDcc45lgnaUoaQse/a5yLVqtzTK13czSWnFGmXbQVmnoMgDkI5POd1EwIKSbjU1V7xdZog=="
  "resolved" "https://registry.npmjs.org/recompose/-/recompose-0.26.0.tgz"
  "version" "0.26.0"
  dependencies:
    "change-emitter" "^0.1.2"
    "fbjs" "^0.8.1"
    "hoist-non-react-statics" "^2.3.1"
    "symbol-observable" "^1.0.4"

"regenerator-runtime@^0.11.0":
  "integrity" "sha512-MguG95oij0fC3QV3URf4V2SDYGJhJnJGqvIIgdECeODCT98wSWDAJ94SSuVpYQUoTcGUIL6L4yNB7j1DFFHSBg=="
  "resolved" "https://registry.npmjs.org/regenerator-runtime/-/regenerator-runtime-0.11.1.tgz"
  "version" "0.11.1"

"regenerator-runtime@^0.13.4":
  "integrity" "sha512-p3VT+cOEgxFsRRA9X4lkI1E+k2/CtnKtU4gcxyaCUreilL/vqI6CdZ3wxVUx3UOUg+gnUOQQcRI7BmSI656MYA=="
  "resolved" "https://registry.npmjs.org/regenerator-runtime/-/regenerator-runtime-0.13.9.tgz"
  "version" "0.13.9"

"regexp.prototype.flags@^1.2.0":
  "integrity" "sha512-JiBdRBq91WlY7uRJ0ds7R+dU02i6LKi8r3BuQhNXn+kmeLN+EfHhfjqMRis1zJxnlu88hq/4dx0P2OP3APRTOA=="
  "resolved" "https://registry.npmjs.org/regexp.prototype.flags/-/regexp.prototype.flags-1.3.1.tgz"
  "version" "1.3.1"
  dependencies:
    "call-bind" "^1.0.2"
    "define-properties" "^1.1.3"

"safer-buffer@>= 2.1.2 < 3.0.0":
  "integrity" "sha512-YZo3K82SD7Riyi0E1EQPojLz7kpepnSQI9IyPbHHg1XXXevb5dJI7tpyN2ADxGcQbHG7vcyRHk0cbwqcQriUtg=="
  "resolved" "https://registry.npmjs.org/safer-buffer/-/safer-buffer-2.1.2.tgz"
  "version" "2.1.2"

"scheduler@^0.19.1":
  "integrity" "sha512-n/zwRWRYSUj0/3g/otKDRPMh6qv2SYMWNq85IEa8iZyAv8od9zDYpGSnpBEjNgcMNq6Scbu5KfIPxNF72R/2EA=="
  "resolved" "https://registry.npmjs.org/scheduler/-/scheduler-0.19.1.tgz"
  "version" "0.19.1"
  dependencies:
    "loose-envify" "^1.1.0"
    "object-assign" "^4.1.1"

"setimmediate@^1.0.5":
  "integrity" "sha1-KQy7Iy4waULX1+qbg3Mqt4VvgoU="
  "resolved" "https://registry.npmjs.org/setimmediate/-/setimmediate-1.0.5.tgz"
  "version" "1.0.5"

"simple-assign@^0.1.0":
  "integrity" "sha1-F/0wZqXz13OPUDIbsPFMooHMS6o="
  "resolved" "https://registry.npmjs.org/simple-assign/-/simple-assign-0.1.0.tgz"
  "version" "0.1.0"

"symbol-observable@^1.0.4":
  "integrity" "sha512-e900nM8RRtGhlV36KGEU9k65K3mPb1WV70OdjfxlG2EAuM1noi/E/BaW/uMhL7bPEssK8QV57vN3esixjUvcXQ=="
  "resolved" "https://registry.npmjs.org/symbol-observable/-/symbol-observable-1.2.0.tgz"
  "version" "1.2.0"

"typed-styles@^0.0.7":
  "integrity" "sha512-pzP0PWoZUhsECYjABgCGQlRGL1n7tOHsgwYv3oIiEpJwGhFTuty/YNeduxQYzXXa3Ge5BdT6sHYIQYpl4uJ+5Q=="
  "resolved" "https://registry.npmjs.org/typed-styles/-/typed-styles-0.0.7.tgz"
  "version" "0.0.7"

"ua-parser-js@^0.7.18":
  "integrity" "sha512-6Gurc1n//gjp9eQNXjD9O3M/sMwVtN5S8Lv9bvOYBfKfDNiIIhqiyi01vMBO45u4zkDE420w/e0se7Vs+sIg+g=="
  "resolved" "https://registry.npmjs.org/ua-parser-js/-/ua-parser-js-0.7.28.tgz"
  "version" "0.7.28"

"warning@^3.0.0":
  "integrity" "sha1-MuU3fLVy3kqwR1O9+IIcAe1gW3w="
  "resolved" "https://registry.npmjs.org/warning/-/warning-3.0.0.tgz"
  "version" "3.0.0"
  dependencies:
    "loose-envify" "^1.0.0"

"warning@^4.0.1":
  "integrity" "sha512-rpJyN222KWIvHJ/F53XSZv0Zl/accqHR8et1kpaMTD/fLCRxtV8iX8czMzY7sVZupTI3zcUTg8eycS2kNF9l6w=="
  "resolved" "https://registry.npmjs.org/warning/-/warning-4.0.3.tgz"
  "version" "4.0.3"
  dependencies:
    "loose-envify" "^1.0.0"

"warning@^4.0.2":
  "integrity" "sha512-rpJyN222KWIvHJ/F53XSZv0Zl/accqHR8et1kpaMTD/fLCRxtV8iX8czMzY7sVZupTI3zcUTg8eycS2kNF9l6w=="
  "resolved" "https://registry.npmjs.org/warning/-/warning-4.0.3.tgz"
  "version" "4.0.3"
  dependencies:
    "loose-envify" "^1.0.0"

"warning@^4.0.3":
  "integrity" "sha512-rpJyN222KWIvHJ/F53XSZv0Zl/accqHR8et1kpaMTD/fLCRxtV8iX8czMzY7sVZupTI3zcUTg8eycS2kNF9l6w=="
  "resolved" "https://registry.npmjs.org/warning/-/warning-4.0.3.tgz"
  "version" "4.0.3"
  dependencies:
    "loose-envify" "^1.0.0"

"web-vitals@^2.1.0":
  "integrity" "sha512-npEyJP8jHf3J71t1tRTEtz9FeKp8H2udWJUUq5ykfPhhstr//TUxiYhIEzLNwk4zv2ybAilMn7v7N6Mxmuitmg=="
  "resolved" "https://registry.npmjs.org/web-vitals/-/web-vitals-2.1.0.tgz"
  "version" "2.1.0"

"whatwg-fetch@>=0.10.0":
  "integrity" "sha512-bJlen0FcuU/0EMLrdbJ7zOnW6ITZLrZMIarMUVmdKtsGvZna8vxKYaexICWPfZ8qwf9fzNq+UEIZrnSaApt6RA=="
  "resolved" "https://registry.npmjs.org/whatwg-fetch/-/whatwg-fetch-3.6.2.tgz"
  "version" "3.6.2"
